
Microsoft Visual Studio Solution File, Format Version 10.00
# Visual C# Express 2008
Project("{FAE04EC0-301F-11D3-BF4B-00C04F79EFBC}") = "opdozitz", "opdozitz\opdozitz.csproj", "{82290B73-ACF0-4EBC-BC15-DF7608D4ED47}"
EndProject
Global
	GlobalSection(SolutionConfigurationPlatforms) = preSolution
		Debug|x86 = Debug|x86
		Release|x86 = Release|x86
	EndGlobalSection
	GlobalSection(ProjectConfigurationPlatforms) = postSolution
		{82290B73-ACF0-4EBC-BC15-DF7608D4ED47}.Debug|x86.ActiveCfg = Debug|x86
		{82290B73-ACF0-4EBC-BC15-DF7608D4ED47}.Debug|x86.Build.0 = Debug|x86
		{82290B73-ACF0-4EBC-BC15-DF7608D4ED47}.Release|x86.ActiveCfg = Release|x86
		{82290B73-ACF0-4EBC-BC15-DF7608D4ED47}.Release|x86.Build.0 = Release|x86
		{2D6D7F05-616F-4401-ADF9-7DCD85ADDAEC}.Debug|x86.ActiveCfg = Debug|x86
		{2D6D7F05-616F-4401-ADF9-7DCD85ADDAEC}.Release|x86.ActiveCfg = Release|x86
	EndGlobalSection
	GlobalSection(SolutionProperties) = preSolution
		HideSolutionNode = FALSE
	EndGlobalSection
EndGlobal
